
Microsoft Visual Studio Solution File, Format Version 12.00
# Visual Studio Version 17
VisualStudioVersion = 17.5.002.0
MinimumVisualStudioVersion = 10.0.40219.1
Project("{2150E333-8FDC-42A3-9474-1A3956D46DE8}") = "csharp-prep", "csharp-prep", "{E703CC14-6E75-4EF9-8845-E780B8045032}"
EndProject
Project("{9A19103F-16F7-4668-BE54-9A1E7A4F7556}") = "Prep1", "csharp-prep\Prep1\Prep1.csproj", "{5C56994C-854D-4A17-9D9D-36CE4D74E13A}"
EndProject
Project("{9A19103F-16F7-4668-BE54-9A1E7A4F7556}") = "Prep2", "csharp-prep\Prep2\Prep2.csproj", "{240BED07-68E3-4AF2-B164-30B092428D5B}"
EndProject
Project("{9A19103F-16F7-4668-BE54-9A1E7A4F7556}") = "Prep3", "csharp-prep\Prep3\Prep3.csproj", "{E90B6C9D-0B71-4030-805C-AC47A74CCBD4}"
EndProject
Project("{9A19103F-16F7-4668-BE54-9A1E7A4F7556}") = "Prep4", "csharp-prep\Prep4\Prep4.csproj", "{66B474A6-A856-4ECF-B5C4-57BDB139F829}"
EndProject
Project("{9A19103F-16F7-4668-BE54-9A1E7A4F7556}") = "Prep5", "csharp-prep\Prep5\Prep5.csproj", "{5297CFC0-430C-4B4E-B920-5D5724DAEB97}"
EndProject
Project("{2150E333-8FDC-42A3-9474-1A3956D46DE8}") = "final", "final", "{2B2971AE-2B56-4577-832E-5C92526BAFA5}"
EndProject
Project("{9A19103F-16F7-4668-BE54-9A1E7A4F7556}") = "FinalProject", "final\FinalProject\FinalProject.csproj", "{582B3A49-E531-451E-84A9-9C82F51071BF}"
EndProject
Project("{9A19103F-16F7-4668-BE54-9A1E7A4F7556}") = "Foundation1", "final\Foundation1\Foundation1.csproj", "{B05E3FE4-8EA6-4FC3-B37B-6B7C1086138A}"
EndProject
Project("{9A19103F-16F7-4668-BE54-9A1E7A4F7556}") = "Foundation2", "final\Foundation2\Foundation2.csproj", "{F8066687-13DC-4B6C-B29C-3B449B72B6CC}"
EndProject
Project("{9A19103F-16F7-4668-BE54-9A1E7A4F7556}") = "Foundation3", "final\Foundation3\Foundation3.csproj", "{F502C370-0936-4C4C-9592-7879F9CF207B}"
EndProject
Project("{9A19103F-16F7-4668-BE54-9A1E7A4F7556}") = "Foundation4", "final\Foundation4\Foundation4.csproj", "{28611998-CEE1-4474-A37A-C89DAE4039EC}"
EndProject
Project("{2150E333-8FDC-42A3-9474-1A3956D46DE8}") = "prepare", "prepare", "{9E0BDDF4-9914-4B0E-BD22-135C0FC96384}"
EndProject
Project("{9A19103F-16F7-4668-BE54-9A1E7A4F7556}") = "Learning02", "prepare\Learning02\Learning02.csproj", "{293365BA-4A95-4845-86AF-00F832D23015}"
EndProject
Project("{9A19103F-16F7-4668-BE54-9A1E7A4F7556}") = "Learning03", "prepare\Learning03\Learning03.csproj", "{30EEE9C5-FE6B-47C0-904A-6021D382993E}"
EndProject
Project("{9A19103F-16F7-4668-BE54-9A1E7A4F7556}") = "Learning04", "prepare\Learning04\Learning04.csproj", "{18029BCF-FFD0-4910-A236-39775BAC75FF}"
EndProject
Project("{9A19103F-16F7-4668-BE54-9A1E7A4F7556}") = "Learning05", "prepare\Learning05\Learning05.csproj", "{D919A954-8155-4E8F-A9BC-AC3B4F166738}"
EndProject
Project("{2150E333-8FDC-42A3-9474-1A3956D46DE8}") = "prove", "prove", "{6B3C60FC-F576-4F36-9C0B-EAD6E8A4CB92}"
EndProject
Project("{9A19103F-16F7-4668-BE54-9A1E7A4F7556}") = "Develop02", "prove\Develop02\Develop02.csproj", "{CBB0E78A-617C-45E9-8D5E-8A8C2A995160}"
EndProject
Project("{9A19103F-16F7-4668-BE54-9A1E7A4F7556}") = "Develop03", "prove\Develop03\Develop03.csproj", "{91C82E50-EB53-4193-9899-B58F204E2BD6}"
EndProject
Project("{9A19103F-16F7-4668-BE54-9A1E7A4F7556}") = "Develop04", "prove\Develop04\Develop04.csproj", "{BDFB98B6-9B5F-4499-A084-0ED5AC2CDBDB}"
EndProject
Project("{9A19103F-16F7-4668-BE54-9A1E7A4F7556}") = "Develop05", "prove\Develop05\Develop05.csproj", "{9EE1C1FE-D99C-4442-B648-AF5025ED21B2}"
EndProject
Project("{2150E333-8FDC-42A3-9474-1A3956D46DE8}") = "sandbox", "sandbox", "{EEAE9DB5-7E81-4BD7-B0AF-341F8B5BA142}"
EndProject
Project("{9A19103F-16F7-4668-BE54-9A1E7A4F7556}") = "Sandbox", "sandbox\Sandbox\Sandbox.csproj", "{4886FF28-2239-4540-8C62-23B82F78FCAB}"
EndProject
Project("{FAE04EC0-301F-11D3-BF4B-00C04F79EFBC}") = "ConsoleApp1", "ConsoleApp1\ConsoleApp1.csproj", "{7914DAC4-613C-4B49-A180-D6BBFCD84E74}"
EndProject
Project("{FAE04EC0-301F-11D3-BF4B-00C04F79EFBC}") = "ConsoleApp2", "ConsoleApp2\ConsoleApp2.csproj", "{4A3AF3C8-4094-4F56-A1A7-029D07CDBD8B}"
EndProject
Global
	GlobalSection(SolutionConfigurationPlatforms) = preSolution
		Debug|Any CPU = Debug|Any CPU
		Release|Any CPU = Release|Any CPU
	EndGlobalSection
	GlobalSection(ProjectConfigurationPlatforms) = postSolution
		{5C56994C-854D-4A17-9D9D-36CE4D74E13A}.Debug|Any CPU.ActiveCfg = Debug|Any CPU
		{5C56994C-854D-4A17-9D9D-36CE4D74E13A}.Debug|Any CPU.Build.0 = Debug|Any CPU
		{5C56994C-854D-4A17-9D9D-36CE4D74E13A}.Release|Any CPU.ActiveCfg = Release|Any CPU
		{5C56994C-854D-4A17-9D9D-36CE4D74E13A}.Release|Any CPU.Build.0 = Release|Any CPU
		{240BED07-68E3-4AF2-B164-30B092428D5B}.Debug|Any CPU.ActiveCfg = Debug|Any CPU
		{240BED07-68E3-4AF2-B164-30B092428D5B}.Debug|Any CPU.Build.0 = Debug|Any CPU
		{240BED07-68E3-4AF2-B164-30B092428D5B}.Release|Any CPU.ActiveCfg = Release|Any CPU
		{240BED07-68E3-4AF2-B164-30B092428D5B}.Release|Any CPU.Build.0 = Release|Any CPU
		{E90B6C9D-0B71-4030-805C-AC47A74CCBD4}.Debug|Any CPU.ActiveCfg = Debug|Any CPU
		{E90B6C9D-0B71-4030-805C-AC47A74CCBD4}.Debug|Any CPU.Build.0 = Debug|Any CPU
		{E90B6C9D-0B71-4030-805C-AC47A74CCBD4}.Release|Any CPU.ActiveCfg = Release|Any CPU
		{E90B6C9D-0B71-4030-805C-AC47A74CCBD4}.Release|Any CPU.Build.0 = Release|Any CPU
		{66B474A6-A856-4ECF-B5C4-57BDB139F829}.Debug|Any CPU.ActiveCfg = Debug|Any CPU
		{66B474A6-A856-4ECF-B5C4-57BDB139F829}.Debug|Any CPU.Build.0 = Debug|Any CPU
		{66B474A6-A856-4ECF-B5C4-57BDB139F829}.Release|Any CPU.ActiveCfg = Release|Any CPU
		{66B474A6-A856-4ECF-B5C4-57BDB139F829}.Release|Any CPU.Build.0 = Release|Any CPU
		{5297CFC0-430C-4B4E-B920-5D5724DAEB97}.Debug|Any CPU.ActiveCfg = Debug|Any CPU
		{5297CFC0-430C-4B4E-B920-5D5724DAEB97}.Debug|Any CPU.Build.0 = Debug|Any CPU
		{5297CFC0-430C-4B4E-B920-5D5724DAEB97}.Release|Any CPU.ActiveCfg = Release|Any CPU
		{5297CFC0-430C-4B4E-B920-5D5724DAEB97}.Release|Any CPU.Build.0 = Release|Any CPU
		{582B3A49-E531-451E-84A9-9C82F51071BF}.Debug|Any CPU.ActiveCfg = Debug|Any CPU
		{582B3A49-E531-451E-84A9-9C82F51071BF}.Debug|Any CPU.Build.0 = Debug|Any CPU
		{582B3A49-E531-451E-84A9-9C82F51071BF}.Release|Any CPU.ActiveCfg = Release|Any CPU
		{582B3A49-E531-451E-84A9-9C82F51071BF}.Release|Any CPU.Build.0 = Release|Any CPU
		{B05E3FE4-8EA6-4FC3-B37B-6B7C1086138A}.Debug|Any CPU.ActiveCfg = Debug|Any CPU
		{B05E3FE4-8EA6-4FC3-B37B-6B7C1086138A}.Debug|Any CPU.Build.0 = Debug|Any CPU
		{B05E3FE4-8EA6-4FC3-B37B-6B7C1086138A}.Release|Any CPU.ActiveCfg = Release|Any CPU
		{B05E3FE4-8EA6-4FC3-B37B-6B7C1086138A}.Release|Any CPU.Build.0 = Release|Any CPU
		{F8066687-13DC-4B6C-B29C-3B449B72B6CC}.Debug|Any CPU.ActiveCfg = Debug|Any CPU
		{F8066687-13DC-4B6C-B29C-3B449B72B6CC}.Debug|Any CPU.Build.0 = Debug|Any CPU
		{F8066687-13DC-4B6C-B29C-3B449B72B6CC}.Release|Any CPU.ActiveCfg = Release|Any CPU
		{F8066687-13DC-4B6C-B29C-3B449B72B6CC}.Release|Any CPU.Build.0 = Release|Any CPU
		{F502C370-0936-4C4C-9592-7879F9CF207B}.Debug|Any CPU.ActiveCfg = Debug|Any CPU
		{F502C370-0936-4C4C-9592-7879F9CF207B}.Debug|Any CPU.Build.0 = Debug|Any CPU
		{F502C370-0936-4C4C-9592-7879F9CF207B}.Release|Any CPU.ActiveCfg = Release|Any CPU
		{F502C370-0936-4C4C-9592-7879F9CF207B}.Release|Any CPU.Build.0 = Release|Any CPU
		{28611998-CEE1-4474-A37A-C89DAE4039EC}.Debug|Any CPU.ActiveCfg = Debug|Any CPU
		{28611998-CEE1-4474-A37A-C89DAE4039EC}.Debug|Any CPU.Build.0 = Debug|Any CPU
		{28611998-CEE1-4474-A37A-C89DAE4039EC}.Release|Any CPU.ActiveCfg = Release|Any CPU
		{28611998-CEE1-4474-A37A-C89DAE4039EC}.Release|Any CPU.Build.0 = Release|Any CPU
		{293365BA-4A95-4845-86AF-00F832D23015}.Debug|Any CPU.ActiveCfg = Debug|Any CPU
		{293365BA-4A95-4845-86AF-00F832D23015}.Debug|Any CPU.Build.0 = Debug|Any CPU
		{293365BA-4A95-4845-86AF-00F832D23015}.Release|Any CPU.ActiveCfg = Release|Any CPU
		{293365BA-4A95-4845-86AF-00F832D23015}.Release|Any CPU.Build.0 = Release|Any CPU
		{30EEE9C5-FE6B-47C0-904A-6021D382993E}.Debug|Any CPU.ActiveCfg = Debug|Any CPU
		{30EEE9C5-FE6B-47C0-904A-6021D382993E}.Debug|Any CPU.Build.0 = Debug|Any CPU
		{30EEE9C5-FE6B-47C0-904A-6021D382993E}.Release|Any CPU.ActiveCfg = Release|Any CPU
		{30EEE9C5-FE6B-47C0-904A-6021D382993E}.Release|Any CPU.Build.0 = Release|Any CPU
		{18029BCF-FFD0-4910-A236-39775BAC75FF}.Debug|Any CPU.ActiveCfg = Debug|Any CPU
		{18029BCF-FFD0-4910-A236-39775BAC75FF}.Debug|Any CPU.Build.0 = Debug|Any CPU
		{18029BCF-FFD0-4910-A236-39775BAC75FF}.Release|Any CPU.ActiveCfg = Release|Any CPU
		{18029BCF-FFD0-4910-A236-39775BAC75FF}.Release|Any CPU.Build.0 = Release|Any CPU
		{D919A954-8155-4E8F-A9BC-AC3B4F166738}.Debug|Any CPU.ActiveCfg = Debug|Any CPU
		{D919A954-8155-4E8F-A9BC-AC3B4F166738}.Debug|Any CPU.Build.0 = Debug|Any CPU
		{D919A954-8155-4E8F-A9BC-AC3B4F166738}.Release|Any CPU.ActiveCfg = Release|Any CPU
		{D919A954-8155-4E8F-A9BC-AC3B4F166738}.Release|Any CPU.Build.0 = Release|Any CPU
		{CBB0E78A-617C-45E9-8D5E-8A8C2A995160}.Debug|Any CPU.ActiveCfg = Debug|Any CPU
		{CBB0E78A-617C-45E9-8D5E-8A8C2A995160}.Debug|Any CPU.Build.0 = Debug|Any CPU
		{CBB0E78A-617C-45E9-8D5E-8A8C2A995160}.Release|Any CPU.ActiveCfg = Release|Any CPU
		{CBB0E78A-617C-45E9-8D5E-8A8C2A995160}.Release|Any CPU.Build.0 = Release|Any CPU
		{91C82E50-EB53-4193-9899-B58F204E2BD6}.Debug|Any CPU.ActiveCfg = Debug|Any CPU
		{91C82E50-EB53-4193-9899-B58F204E2BD6}.Debug|Any CPU.Build.0 = Debug|Any CPU
		{91C82E50-EB53-4193-9899-B58F204E2BD6}.Release|Any CPU.ActiveCfg = Release|Any CPU
		{91C82E50-EB53-4193-9899-B58F204E2BD6}.Release|Any CPU.Build.0 = Release|Any CPU
		{BDFB98B6-9B5F-4499-A084-0ED5AC2CDBDB}.Debug|Any CPU.ActiveCfg = Debug|Any CPU
		{BDFB98B6-9B5F-4499-A084-0ED5AC2CDBDB}.Debug|Any CPU.Build.0 = Debug|Any CPU
		{BDFB98B6-9B5F-4499-A084-0ED5AC2CDBDB}.Release|Any CPU.ActiveCfg = Release|Any CPU
		{BDFB98B6-9B5F-4499-A084-0ED5AC2CDBDB}.Release|Any CPU.Build.0 = Release|Any CPU
		{9EE1C1FE-D99C-4442-B648-AF5025ED21B2}.Debug|Any CPU.ActiveCfg = Debug|Any CPU
		{9EE1C1FE-D99C-4442-B648-AF5025ED21B2}.Debug|Any CPU.Build.0 = Debug|Any CPU
		{9EE1C1FE-D99C-4442-B648-AF5025ED21B2}.Release|Any CPU.ActiveCfg = Release|Any CPU
		{9EE1C1FE-D99C-4442-B648-AF5025ED21B2}.Release|Any CPU.Build.0 = Release|Any CPU
		{4886FF28-2239-4540-8C62-23B82F78FCAB}.Debug|Any CPU.ActiveCfg = Debug|Any CPU
		{4886FF28-2239-4540-8C62-23B82F78FCAB}.Debug|Any CPU.Build.0 = Debug|Any CPU
		{4886FF28-2239-4540-8C62-23B82F78FCAB}.Release|Any CPU.ActiveCfg = Release|Any CPU
		{4886FF28-2239-4540-8C62-23B82F78FCAB}.Release|Any CPU.Build.0 = Release|Any CPU
		{7914DAC4-613C-4B49-A180-D6BBFCD84E74}.Debug|Any CPU.ActiveCfg = Debug|Any CPU
		{7914DAC4-613C-4B49-A180-D6BBFCD84E74}.Debug|Any CPU.Build.0 = Debug|Any CPU
		{7914DAC4-613C-4B49-A180-D6BBFCD84E74}.Release|Any CPU.ActiveCfg = Release|Any CPU
		{7914DAC4-613C-4B49-A180-D6BBFCD84E74}.Release|Any CPU.Build.0 = Release|Any CPU
		{4A3AF3C8-4094-4F56-A1A7-029D07CDBD8B}.Debug|Any CPU.ActiveCfg = Debug|Any CPU
		{4A3AF3C8-4094-4F56-A1A7-029D07CDBD8B}.Debug|Any CPU.Build.0 = Debug|Any CPU
		{4A3AF3C8-4094-4F56-A1A7-029D07CDBD8B}.Release|Any CPU.ActiveCfg = Release|Any CPU
		{4A3AF3C8-4094-4F56-A1A7-029D07CDBD8B}.Release|Any CPU.Build.0 = Release|Any CPU
	EndGlobalSection
	GlobalSection(SolutionProperties) = preSolution
		HideSolutionNode = FALSE
	EndGlobalSection
	GlobalSection(NestedProjects) = preSolution
		{5C56994C-854D-4A17-9D9D-36CE4D74E13A} = {E703CC14-6E75-4EF9-8845-E780B8045032}
		{240BED07-68E3-4AF2-B164-30B092428D5B} = {E703CC14-6E75-4EF9-8845-E780B8045032}
		{E90B6C9D-0B71-4030-805C-AC47A74CCBD4} = {E703CC14-6E75-4EF9-8845-E780B8045032}
		{66B474A6-A856-4ECF-B5C4-57BDB139F829} = {E703CC14-6E75-4EF9-8845-E780B8045032}
		{5297CFC0-430C-4B4E-B920-5D5724DAEB97} = {E703CC14-6E75-4EF9-8845-E780B8045032}
		{582B3A49-E531-451E-84A9-9C82F51071BF} = {2B2971AE-2B56-4577-832E-5C92526BAFA5}
		{B05E3FE4-8EA6-4FC3-B37B-6B7C1086138A} = {2B2971AE-2B56-4577-832E-5C92526BAFA5}
		{F8066687-13DC-4B6C-B29C-3B449B72B6CC} = {2B2971AE-2B56-4577-832E-5C92526BAFA5}
		{F502C370-0936-4C4C-9592-7879F9CF207B} = {2B2971AE-2B56-4577-832E-5C92526BAFA5}
		{28611998-CEE1-4474-A37A-C89DAE4039EC} = {2B2971AE-2B56-4577-832E-5C92526BAFA5}
		{293365BA-4A95-4845-86AF-00F832D23015} = {9E0BDDF4-9914-4B0E-BD22-135C0FC96384}
		{30EEE9C5-FE6B-47C0-904A-6021D382993E} = {9E0BDDF4-9914-4B0E-BD22-135C0FC96384}
		{18029BCF-FFD0-4910-A236-39775BAC75FF} = {9E0BDDF4-9914-4B0E-BD22-135C0FC96384}
		{D919A954-8155-4E8F-A9BC-AC3B4F166738} = {9E0BDDF4-9914-4B0E-BD22-135C0FC96384}
		{CBB0E78A-617C-45E9-8D5E-8A8C2A995160} = {6B3C60FC-F576-4F36-9C0B-EAD6E8A4CB92}
		{91C82E50-EB53-4193-9899-B58F204E2BD6} = {6B3C60FC-F576-4F36-9C0B-EAD6E8A4CB92}
		{BDFB98B6-9B5F-4499-A084-0ED5AC2CDBDB} = {6B3C60FC-F576-4F36-9C0B-EAD6E8A4CB92}
		{9EE1C1FE-D99C-4442-B648-AF5025ED21B2} = {6B3C60FC-F576-4F36-9C0B-EAD6E8A4CB92}
		{4886FF28-2239-4540-8C62-23B82F78FCAB} = {EEAE9DB5-7E81-4BD7-B0AF-341F8B5BA142}
	EndGlobalSection
	GlobalSection(ExtensibilityGlobals) = postSolution
		SolutionGuid = {0E852C0D-95EF-492E-8A70-E8EF176DC97B}
	EndGlobalSection
EndGlobal
